
Microsoft Visual Studio Solution File, Format Version 12.00
# Visual Studio Version 17
VisualStudioVersion = 17.9.34728.123
MinimumVisualStudioVersion = 10.0.40219.1
Project("{9A19103F-16F7-4668-BE54-9A1E7A4F7556}") = "Presentation", "Presentation\Presentation.csproj", "{80F92854-1456-43AF-9A70-D1A973014A7F}"
EndProject
Project("{9A19103F-16F7-4668-BE54-9A1E7A4F7556}") = "Data", "Data\Data.csproj", "{B25B6E2E-7EDB-40F1-A556-13BD31C796BF}"
EndProject
Project("{9A19103F-16F7-4668-BE54-9A1E7A4F7556}") = "Business", "Business\Business.csproj", "{A6C2E787-C8F0-42C7-81E5-58652891BD59}"
EndProject
Project("{FAE04EC0-301F-11D3-BF4B-00C04F79EFBC}") = "DataTransferContracts", "DataTransferContracts\DataTransferContracts.csproj", "{1D4F7E18-2FE1-4463-AEA9-64F1A958AC82}"
EndProject
Global
	GlobalSection(SolutionConfigurationPlatforms) = preSolution
		Debug|Any CPU = Debug|Any CPU
		Release|Any CPU = Release|Any CPU
	EndGlobalSection
	GlobalSection(ProjectConfigurationPlatforms) = postSolution
		{80F92854-1456-43AF-9A70-D1A973014A7F}.Debug|Any CPU.ActiveCfg = Debug|Any CPU
		{80F92854-1456-43AF-9A70-D1A973014A7F}.Debug|Any CPU.Build.0 = Debug|Any CPU
		{80F92854-1456-43AF-9A70-D1A973014A7F}.Release|Any CPU.ActiveCfg = Release|Any CPU
		{80F92854-1456-43AF-9A70-D1A973014A7F}.Release|Any CPU.Build.0 = Release|Any CPU
		{B25B6E2E-7EDB-40F1-A556-13BD31C796BF}.Debug|Any CPU.ActiveCfg = Debug|Any CPU
		{B25B6E2E-7EDB-40F1-A556-13BD31C796BF}.Debug|Any CPU.Build.0 = Debug|Any CPU
		{B25B6E2E-7EDB-40F1-A556-13BD31C796BF}.Release|Any CPU.ActiveCfg = Release|Any CPU
		{B25B6E2E-7EDB-40F1-A556-13BD31C796BF}.Release|Any CPU.Build.0 = Release|Any CPU
		{A6C2E787-C8F0-42C7-81E5-58652891BD59}.Debug|Any CPU.ActiveCfg = Debug|Any CPU
		{A6C2E787-C8F0-42C7-81E5-58652891BD59}.Debug|Any CPU.Build.0 = Debug|Any CPU
		{A6C2E787-C8F0-42C7-81E5-58652891BD59}.Release|Any CPU.ActiveCfg = Release|Any CPU
		{A6C2E787-C8F0-42C7-81E5-58652891BD59}.Release|Any CPU.Build.0 = Release|Any CPU
		{1D4F7E18-2FE1-4463-AEA9-64F1A958AC82}.Debug|Any CPU.ActiveCfg = Debug|Any CPU
		{1D4F7E18-2FE1-4463-AEA9-64F1A958AC82}.Debug|Any CPU.Build.0 = Debug|Any CPU
		{1D4F7E18-2FE1-4463-AEA9-64F1A958AC82}.Release|Any CPU.ActiveCfg = Release|Any CPU
		{1D4F7E18-2FE1-4463-AEA9-64F1A958AC82}.Release|Any CPU.Build.0 = Release|Any CPU
	EndGlobalSection
	GlobalSection(SolutionProperties) = preSolution
		HideSolutionNode = FALSE
	EndGlobalSection
	GlobalSection(ExtensibilityGlobals) = postSolution
		SolutionGuid = {79645895-5FDC-46EE-825D-E5237D8BF068}
	EndGlobalSection
EndGlobal
