
Microsoft Visual Studio Solution File, Format Version 12.00
# Visual Studio Version 17
VisualStudioVersion = 17.9.34728.123
MinimumVisualStudioVersion = 10.0.40219.1
Project("{FAE04EC0-301F-11D3-BF4B-00C04F79EFBC}") = "Presentation", "Presentation\Presentation.csproj", "{80F92854-1456-43AF-9A70-D1A973014A7F}"
EndProject
Global
	GlobalSection(SolutionConfigurationPlatforms) = preSolution
		Debug|Any CPU = Debug|Any CPU
		Release|Any CPU = Release|Any CPU
	EndGlobalSection
	GlobalSection(ProjectConfigurationPlatforms) = postSolution
		{80F92854-1456-43AF-9A70-D1A973014A7F}.Debug|Any CPU.ActiveCfg = Debug|Any CPU
		{80F92854-1456-43AF-9A70-D1A973014A7F}.Debug|Any CPU.Build.0 = Debug|Any CPU
		{80F92854-1456-43AF-9A70-D1A973014A7F}.Release|Any CPU.ActiveCfg = Release|Any CPU
		{80F92854-1456-43AF-9A70-D1A973014A7F}.Release|Any CPU.Build.0 = Release|Any CPU
	EndGlobalSection
	GlobalSection(SolutionProperties) = preSolution
		HideSolutionNode = FALSE
	EndGlobalSection
	GlobalSection(ExtensibilityGlobals) = postSolution
		SolutionGuid = {79645895-5FDC-46EE-825D-E5237D8BF068}
	EndGlobalSection
EndGlobal
